// !$*UTF8*$!
{
	archiveVersion = 1;
	classes = {
	};
	objectVersion = 55;
	objects = {

/* Begin PBXBuildFile section */
		64A9A30B33EE595D52E84017 /* Pods_Assignment_Week1.framework in Frameworks */ = {isa = PBXBuildFile; fileRef = 2412E1B6AD997B7721D9CFCE /* Pods_Assignment_Week1.framework */; };
		9B0B3F47283A17570012A279 /* Extensions.swift in Sources */ = {isa = PBXBuildFile; fileRef = 9B0B3F46283A17570012A279 /* Extensions.swift */; };
		9B36867C2811E12900D0AD10 /* Login.storyboard in Resources */ = {isa = PBXBuildFile; fileRef = 9B3686772811E12900D0AD10 /* Login.storyboard */; };
		9B5F643228216693001513B2 /* temp.storyboard in Resources */ = {isa = PBXBuildFile; fileRef = 9B5F643128216693001513B2 /* temp.storyboard */; };
		9B5F6434282166A9001513B2 /* tempViewController.swift in Sources */ = {isa = PBXBuildFile; fileRef = 9B5F6433282166A9001513B2 /* tempViewController.swift */; };
		9B61534F2811F889007794E6 /* UserNameViewController.swift in Sources */ = {isa = PBXBuildFile; fileRef = 9B61534B2811F889007794E6 /* UserNameViewController.swift */; };
		9B6153502811F889007794E6 /* PasswordViewController.swift in Sources */ = {isa = PBXBuildFile; fileRef = 9B61534C2811F889007794E6 /* PasswordViewController.swift */; };
		9B6153512811F889007794E6 /* LoginViewController.swift in Sources */ = {isa = PBXBuildFile; fileRef = 9B61534D2811F889007794E6 /* LoginViewController.swift */; };
		9B6153522811F889007794E6 /* WelcomeViewController.swift in Sources */ = {isa = PBXBuildFile; fileRef = 9B61534E2811F889007794E6 /* WelcomeViewController.swift */; };
		9B6153542811FA10007794E6 /* HomeViewController.swift in Sources */ = {isa = PBXBuildFile; fileRef = 9B6153532811FA10007794E6 /* HomeViewController.swift */; };
		9B6153562811FA22007794E6 /* Home.storyboard in Resources */ = {isa = PBXBuildFile; fileRef = 9B6153552811FA22007794E6 /* Home.storyboard */; };
		9B6153582811FA31007794E6 /* Search.storyboard in Resources */ = {isa = PBXBuildFile; fileRef = 9B6153572811FA31007794E6 /* Search.storyboard */; };
		9B61535A2811FA60007794E6 /* SearchViewController.swift in Sources */ = {isa = PBXBuildFile; fileRef = 9B6153592811FA60007794E6 /* SearchViewController.swift */; };
		9B61535C2811FA73007794E6 /* ReelsViewController.swift in Sources */ = {isa = PBXBuildFile; fileRef = 9B61535B2811FA73007794E6 /* ReelsViewController.swift */; };
		9B61535E2811FA87007794E6 /* Reels.storyboard in Resources */ = {isa = PBXBuildFile; fileRef = 9B61535D2811FA87007794E6 /* Reels.storyboard */; };
		9B6153602811FA91007794E6 /* Shopping.storyboard in Resources */ = {isa = PBXBuildFile; fileRef = 9B61535F2811FA91007794E6 /* Shopping.storyboard */; };
		9B6153622811FAA0007794E6 /* ShoppingViewController.swift in Sources */ = {isa = PBXBuildFile; fileRef = 9B6153612811FAA0007794E6 /* ShoppingViewController.swift */; };
		9B6153642811FAC9007794E6 /* ProfileViewController.swift in Sources */ = {isa = PBXBuildFile; fileRef = 9B6153632811FAC9007794E6 /* ProfileViewController.swift */; };
		9B6153662811FAD2007794E6 /* Profile.storyboard in Resources */ = {isa = PBXBuildFile; fileRef = 9B6153652811FAD2007794E6 /* Profile.storyboard */; };
		9B6153682811FAE7007794E6 /* TabBar.storyboard in Resources */ = {isa = PBXBuildFile; fileRef = 9B6153672811FAE7007794E6 /* TabBar.storyboard */; };
		9B80FC272824EB3D0076C975 /* FeedData.swift in Sources */ = {isa = PBXBuildFile; fileRef = 9B80FC262824EB3D0076C975 /* FeedData.swift */; };
		9BA9994F282499AD00989806 /* StoryCollectionViewCell.swift in Sources */ = {isa = PBXBuildFile; fileRef = 9BA9994D282499AD00989806 /* StoryCollectionViewCell.swift */; };
		9BA99950282499AD00989806 /* StoryCollectionViewCell.xib in Resources */ = {isa = PBXBuildFile; fileRef = 9BA9994E282499AD00989806 /* StoryCollectionViewCell.xib */; };
		9BA9995228249B8300989806 /* StoryData.swift in Sources */ = {isa = PBXBuildFile; fileRef = 9BA9995128249B8300989806 /* StoryData.swift */; };
		9BA999592824D10800989806 /* FeedTableViewCell.swift in Sources */ = {isa = PBXBuildFile; fileRef = 9BA999572824D10800989806 /* FeedTableViewCell.swift */; };
		9BA9995A2824D10800989806 /* FeedTableViewCell.xib in Resources */ = {isa = PBXBuildFile; fileRef = 9BA999582824D10800989806 /* FeedTableViewCell.xib */; };
		9BE3BCD5283013220085ABF0 /* APIConstants.swift in Sources */ = {isa = PBXBuildFile; fileRef = 9BE3BCD4283013220085ABF0 /* APIConstants.swift */; };
		9BE3BCD7283013F20085ABF0 /* NetworkResult.swift in Sources */ = {isa = PBXBuildFile; fileRef = 9BE3BCD6283013F20085ABF0 /* NetworkResult.swift */; };
		9BE3BCD92830145D0085ABF0 /* SignUpModel.swift in Sources */ = {isa = PBXBuildFile; fileRef = 9BE3BCD82830145D0085ABF0 /* SignUpModel.swift */; };
		9BE3BCDB283015150085ABF0 /* LoginModel.swift in Sources */ = {isa = PBXBuildFile; fileRef = 9BE3BCDA283015150085ABF0 /* LoginModel.swift */; };
		9BE3BCDF283016090085ABF0 /* UserService.swift in Sources */ = {isa = PBXBuildFile; fileRef = 9BE3BCDE283016090085ABF0 /* UserService.swift */; };
		9BEE4B0F27FF1FB20036280A /* AppDelegate.swift in Sources */ = {isa = PBXBuildFile; fileRef = 9BEE4B0E27FF1FB20036280A /* AppDelegate.swift */; };
		9BEE4B1127FF1FB20036280A /* SceneDelegate.swift in Sources */ = {isa = PBXBuildFile; fileRef = 9BEE4B1027FF1FB20036280A /* SceneDelegate.swift */; };
		9BEE4B1827FF1FB70036280A /* Assets.xcassets in Resources */ = {isa = PBXBuildFile; fileRef = 9BEE4B1727FF1FB70036280A /* Assets.xcassets */; };
		9BEE4B1B27FF1FB70036280A /* LaunchScreen.storyboard in Resources */ = {isa = PBXBuildFile; fileRef = 9BEE4B1927FF1FB70036280A /* LaunchScreen.storyboard */; };
/* End PBXBuildFile section */

/* Begin PBXFileReference section */
		2412E1B6AD997B7721D9CFCE /* Pods_Assignment_Week1.framework */ = {isa = PBXFileReference; explicitFileType = wrapper.framework; includeInIndex = 0; path = Pods_Assignment_Week1.framework; sourceTree = BUILT_PRODUCTS_DIR; };
		9B0B3F46283A17570012A279 /* Extensions.swift */ = {isa = PBXFileReference; lastKnownFileType = sourcecode.swift; path = Extensions.swift; sourceTree = "<group>"; };
		9B3686772811E12900D0AD10 /* Login.storyboard */ = {isa = PBXFileReference; fileEncoding = 4; lastKnownFileType = file.storyboard; path = Login.storyboard; sourceTree = "<group>"; };
		9B5F643128216693001513B2 /* temp.storyboard */ = {isa = PBXFileReference; lastKnownFileType = file.storyboard; path = temp.storyboard; sourceTree = "<group>"; };
		9B5F6433282166A9001513B2 /* tempViewController.swift */ = {isa = PBXFileReference; lastKnownFileType = sourcecode.swift; path = tempViewController.swift; sourceTree = "<group>"; };
		9B61534B2811F889007794E6 /* UserNameViewController.swift */ = {isa = PBXFileReference; fileEncoding = 4; lastKnownFileType = sourcecode.swift; path = UserNameViewController.swift; sourceTree = "<group>"; };
		9B61534C2811F889007794E6 /* PasswordViewController.swift */ = {isa = PBXFileReference; fileEncoding = 4; lastKnownFileType = sourcecode.swift; path = PasswordViewController.swift; sourceTree = "<group>"; };
		9B61534D2811F889007794E6 /* LoginViewController.swift */ = {isa = PBXFileReference; fileEncoding = 4; lastKnownFileType = sourcecode.swift; path = LoginViewController.swift; sourceTree = "<group>"; };
		9B61534E2811F889007794E6 /* WelcomeViewController.swift */ = {isa = PBXFileReference; fileEncoding = 4; lastKnownFileType = sourcecode.swift; path = WelcomeViewController.swift; sourceTree = "<group>"; };
		9B6153532811FA10007794E6 /* HomeViewController.swift */ = {isa = PBXFileReference; lastKnownFileType = sourcecode.swift; path = HomeViewController.swift; sourceTree = "<group>"; };
		9B6153552811FA22007794E6 /* Home.storyboard */ = {isa = PBXFileReference; lastKnownFileType = file.storyboard; path = Home.storyboard; sourceTree = "<group>"; };
		9B6153572811FA31007794E6 /* Search.storyboard */ = {isa = PBXFileReference; lastKnownFileType = file.storyboard; path = Search.storyboard; sourceTree = "<group>"; };
		9B6153592811FA60007794E6 /* SearchViewController.swift */ = {isa = PBXFileReference; lastKnownFileType = sourcecode.swift; path = SearchViewController.swift; sourceTree = "<group>"; };
		9B61535B2811FA73007794E6 /* ReelsViewController.swift */ = {isa = PBXFileReference; lastKnownFileType = sourcecode.swift; path = ReelsViewController.swift; sourceTree = "<group>"; };
		9B61535D2811FA87007794E6 /* Reels.storyboard */ = {isa = PBXFileReference; lastKnownFileType = file.storyboard; path = Reels.storyboard; sourceTree = "<group>"; };
		9B61535F2811FA91007794E6 /* Shopping.storyboard */ = {isa = PBXFileReference; lastKnownFileType = file.storyboard; path = Shopping.storyboard; sourceTree = "<group>"; };
		9B6153612811FAA0007794E6 /* ShoppingViewController.swift */ = {isa = PBXFileReference; lastKnownFileType = sourcecode.swift; path = ShoppingViewController.swift; sourceTree = "<group>"; };
		9B6153632811FAC9007794E6 /* ProfileViewController.swift */ = {isa = PBXFileReference; lastKnownFileType = sourcecode.swift; path = ProfileViewController.swift; sourceTree = "<group>"; };
		9B6153652811FAD2007794E6 /* Profile.storyboard */ = {isa = PBXFileReference; lastKnownFileType = file.storyboard; path = Profile.storyboard; sourceTree = "<group>"; };
		9B6153672811FAE7007794E6 /* TabBar.storyboard */ = {isa = PBXFileReference; lastKnownFileType = file.storyboard; path = TabBar.storyboard; sourceTree = "<group>"; };
		9B80FC262824EB3D0076C975 /* FeedData.swift */ = {isa = PBXFileReference; lastKnownFileType = sourcecode.swift; path = FeedData.swift; sourceTree = "<group>"; };
		9BA9994D282499AD00989806 /* StoryCollectionViewCell.swift */ = {isa = PBXFileReference; lastKnownFileType = sourcecode.swift; path = StoryCollectionViewCell.swift; sourceTree = "<group>"; };
		9BA9994E282499AD00989806 /* StoryCollectionViewCell.xib */ = {isa = PBXFileReference; lastKnownFileType = file.xib; path = StoryCollectionViewCell.xib; sourceTree = "<group>"; };
		9BA9995128249B8300989806 /* StoryData.swift */ = {isa = PBXFileReference; lastKnownFileType = sourcecode.swift; path = StoryData.swift; sourceTree = "<group>"; };
		9BA999572824D10800989806 /* FeedTableViewCell.swift */ = {isa = PBXFileReference; lastKnownFileType = sourcecode.swift; path = FeedTableViewCell.swift; sourceTree = "<group>"; };
		9BA999582824D10800989806 /* FeedTableViewCell.xib */ = {isa = PBXFileReference; lastKnownFileType = file.xib; path = FeedTableViewCell.xib; sourceTree = "<group>"; };
		9BE3BCD4283013220085ABF0 /* APIConstants.swift */ = {isa = PBXFileReference; lastKnownFileType = sourcecode.swift; path = APIConstants.swift; sourceTree = "<group>"; };
		9BE3BCD6283013F20085ABF0 /* NetworkResult.swift */ = {isa = PBXFileReference; lastKnownFileType = sourcecode.swift; path = NetworkResult.swift; sourceTree = "<group>"; };
		9BE3BCD82830145D0085ABF0 /* SignUpModel.swift */ = {isa = PBXFileReference; lastKnownFileType = sourcecode.swift; path = SignUpModel.swift; sourceTree = "<group>"; };
		9BE3BCDA283015150085ABF0 /* LoginModel.swift */ = {isa = PBXFileReference; lastKnownFileType = sourcecode.swift; path = LoginModel.swift; sourceTree = "<group>"; };
		9BE3BCDE283016090085ABF0 /* UserService.swift */ = {isa = PBXFileReference; lastKnownFileType = sourcecode.swift; path = UserService.swift; sourceTree = "<group>"; };
		9BEE4B0B27FF1FB20036280A /* Assignment Week1.app */ = {isa = PBXFileReference; explicitFileType = wrapper.application; includeInIndex = 0; path = "Assignment Week1.app"; sourceTree = BUILT_PRODUCTS_DIR; };
		9BEE4B0E27FF1FB20036280A /* AppDelegate.swift */ = {isa = PBXFileReference; lastKnownFileType = sourcecode.swift; path = AppDelegate.swift; sourceTree = "<group>"; };
		9BEE4B1027FF1FB20036280A /* SceneDelegate.swift */ = {isa = PBXFileReference; lastKnownFileType = sourcecode.swift; path = SceneDelegate.swift; sourceTree = "<group>"; };
		9BEE4B1727FF1FB70036280A /* Assets.xcassets */ = {isa = PBXFileReference; lastKnownFileType = folder.assetcatalog; path = Assets.xcassets; sourceTree = "<group>"; };
		9BEE4B1A27FF1FB70036280A /* Base */ = {isa = PBXFileReference; lastKnownFileType = file.storyboard; name = Base; path = Base.lproj/LaunchScreen.storyboard; sourceTree = "<group>"; };
		9BEE4B1C27FF1FB70036280A /* Info.plist */ = {isa = PBXFileReference; lastKnownFileType = text.plist.xml; path = Info.plist; sourceTree = "<group>"; };
		CE88BE7B8C406823D4F72EBC /* Pods-Assignment Week1.debug.xcconfig */ = {isa = PBXFileReference; includeInIndex = 1; lastKnownFileType = text.xcconfig; name = "Pods-Assignment Week1.debug.xcconfig"; path = "Target Support Files/Pods-Assignment Week1/Pods-Assignment Week1.debug.xcconfig"; sourceTree = "<group>"; };
		D968AF9FFDDC21D785545041 /* Pods-Assignment Week1.release.xcconfig */ = {isa = PBXFileReference; includeInIndex = 1; lastKnownFileType = text.xcconfig; name = "Pods-Assignment Week1.release.xcconfig"; path = "Target Support Files/Pods-Assignment Week1/Pods-Assignment Week1.release.xcconfig"; sourceTree = "<group>"; };
/* End PBXFileReference section */

/* Begin PBXFrameworksBuildPhase section */
		9BEE4B0827FF1FB20036280A /* Frameworks */ = {
			isa = PBXFrameworksBuildPhase;
			buildActionMask = 2147483647;
			files = (
				64A9A30B33EE595D52E84017 /* Pods_Assignment_Week1.framework in Frameworks */,
			);
			runOnlyForDeploymentPostprocessing = 0;
		};
/* End PBXFrameworksBuildPhase section */

/* Begin PBXGroup section */
		365F6860BED50B6E2D412DE2 /* Frameworks */ = {
			isa = PBXGroup;
			children = (
				2412E1B6AD997B7721D9CFCE /* Pods_Assignment_Week1.framework */,
			);
			name = Frameworks;
			sourceTree = "<group>";
		};
		8BDFD33861FD4CD9CE83C8B4 /* Pods */ = {
			isa = PBXGroup;
			children = (
				CE88BE7B8C406823D4F72EBC /* Pods-Assignment Week1.debug.xcconfig */,
				D968AF9FFDDC21D785545041 /* Pods-Assignment Week1.release.xcconfig */,
			);
			path = Pods;
			sourceTree = "<group>";
		};
		9B52861D2811B6E100B91CE3 /* Auth */ = {
			isa = PBXGroup;
			children = (
				9B3686772811E12900D0AD10 /* Login.storyboard */,
				9B61534D2811F889007794E6 /* LoginViewController.swift */,
				9BE3BCD82830145D0085ABF0 /* SignUpModel.swift */,
				9BE3BCDA283015150085ABF0 /* LoginModel.swift */,
				9B61534C2811F889007794E6 /* PasswordViewController.swift */,
				9B61534B2811F889007794E6 /* UserNameViewController.swift */,
				9B61534E2811F889007794E6 /* WelcomeViewController.swift */,
			);
			path = Auth;
			sourceTree = "<group>";
		};
		9B52861E2811B9E500B91CE3 /* Global */ = {
			isa = PBXGroup;
			children = (
				9BEE4B1C27FF1FB70036280A /* Info.plist */,
				9BE3BCD4283013220085ABF0 /* APIConstants.swift */,
				9BE3BCDE283016090085ABF0 /* UserService.swift */,
				9BE3BCD6283013F20085ABF0 /* NetworkResult.swift */,
				9BEE4B0E27FF1FB20036280A /* AppDelegate.swift */,
				9BEE4B1027FF1FB20036280A /* SceneDelegate.swift */,
				9BEE4B1727FF1FB70036280A /* Assets.xcassets */,
				9BEE4B1927FF1FB70036280A /* LaunchScreen.storyboard */,
				9B0B3F46283A17570012A279 /* Extensions.swift */,
			);
			path = Global;
			sourceTree = "<group>";
		};
		9B5F64302821667F001513B2 /* temp */ = {
			isa = PBXGroup;
			children = (
				9B5F643128216693001513B2 /* temp.storyboard */,
				9B5F6433282166A9001513B2 /* tempViewController.swift */,
			);
			path = temp;
			sourceTree = "<group>";
		};
		9B6153452811F6B3007794E6 /* TabBar */ = {
			isa = PBXGroup;
			children = (
				9B61534A2811F6EB007794E6 /* Profile */,
				9B6153492811F6E2007794E6 /* Shopping */,
				9B6153482811F6DC007794E6 /* Reels */,
				9B6153472811F6C5007794E6 /* Search */,
				9B6153462811F6C0007794E6 /* Home */,
				9B6153672811FAE7007794E6 /* TabBar.storyboard */,
			);
			path = TabBar;
			sourceTree = "<group>";
		};
		9B6153462811F6C0007794E6 /* Home */ = {
			isa = PBXGroup;
			children = (
				9B6153532811FA10007794E6 /* HomeViewController.swift */,
				9B6153552811FA22007794E6 /* Home.storyboard */,
				9BA999572824D10800989806 /* FeedTableViewCell.swift */,
				9BA999582824D10800989806 /* FeedTableViewCell.xib */,
				9B80FC262824EB3D0076C975 /* FeedData.swift */,
				9BA9994D282499AD00989806 /* StoryCollectionViewCell.swift */,
				9BA9995128249B8300989806 /* StoryData.swift */,
				9BA9994E282499AD00989806 /* StoryCollectionViewCell.xib */,
			);
			path = Home;
			sourceTree = "<group>";
		};
		9B6153472811F6C5007794E6 /* Search */ = {
			isa = PBXGroup;
			children = (
				9B6153592811FA60007794E6 /* SearchViewController.swift */,
				9B6153572811FA31007794E6 /* Search.storyboard */,
			);
			path = Search;
			sourceTree = "<group>";
		};
		9B6153482811F6DC007794E6 /* Reels */ = {
			isa = PBXGroup;
			children = (
				9B61535B2811FA73007794E6 /* ReelsViewController.swift */,
				9B61535D2811FA87007794E6 /* Reels.storyboard */,
			);
			path = Reels;
			sourceTree = "<group>";
		};
		9B6153492811F6E2007794E6 /* Shopping */ = {
			isa = PBXGroup;
			children = (
				9B6153612811FAA0007794E6 /* ShoppingViewController.swift */,
				9B61535F2811FA91007794E6 /* Shopping.storyboard */,
			);
			path = Shopping;
			sourceTree = "<group>";
		};
		9B61534A2811F6EB007794E6 /* Profile */ = {
			isa = PBXGroup;
			children = (
				9B6153632811FAC9007794E6 /* ProfileViewController.swift */,
				9B6153652811FAD2007794E6 /* Profile.storyboard */,
			);
			path = Profile;
			sourceTree = "<group>";
		};
		9BEE4B0227FF1FB20036280A = {
			isa = PBXGroup;
			children = (
				9BEE4B0D27FF1FB20036280A /* Assignment */,
				9BEE4B0C27FF1FB20036280A /* Products */,
				8BDFD33861FD4CD9CE83C8B4 /* Pods */,
				365F6860BED50B6E2D412DE2 /* Frameworks */,
			);
			sourceTree = "<group>";
		};
		9BEE4B0C27FF1FB20036280A /* Products */ = {
			isa = PBXGroup;
			children = (
				9BEE4B0B27FF1FB20036280A /* Assignment Week1.app */,
			);
			name = Products;
			sourceTree = "<group>";
		};
		9BEE4B0D27FF1FB20036280A /* Assignment */ = {
			isa = PBXGroup;
			children = (
				9B5F64302821667F001513B2 /* temp */,
				9B6153452811F6B3007794E6 /* TabBar */,
				9B52861E2811B9E500B91CE3 /* Global */,
				9B52861D2811B6E100B91CE3 /* Auth */,
			);
			path = Assignment;
			sourceTree = "<group>";
		};
/* End PBXGroup section */

/* Begin PBXNativeTarget section */
		9BEE4B0A27FF1FB20036280A /* Assignment Week1 */ = {
			isa = PBXNativeTarget;
			buildConfigurationList = 9BEE4B1F27FF1FB70036280A /* Build configuration list for PBXNativeTarget "Assignment Week1" */;
			buildPhases = (
				717F5CDFCB0417CC50E58259 /* [CP] Check Pods Manifest.lock */,
				9BEE4B0727FF1FB20036280A /* Sources */,
				9BEE4B0827FF1FB20036280A /* Frameworks */,
				9BEE4B0927FF1FB20036280A /* Resources */,
				3C032E38F134DFD29F3202C0 /* [CP] Embed Pods Frameworks */,
			);
			buildRules = (
			);
			dependencies = (
			);
			name = "Assignment Week1";
			productName = "Assignment Week1";
			productReference = 9BEE4B0B27FF1FB20036280A /* Assignment Week1.app */;
			productType = "com.apple.product-type.application";
		};
/* End PBXNativeTarget section */

/* Begin PBXProject section */
		9BEE4B0327FF1FB20036280A /* Project object */ = {
			isa = PBXProject;
			attributes = {
				BuildIndependentTargetsInParallel = 1;
				LastSwiftUpdateCheck = 1330;
				LastUpgradeCheck = 1330;
				TargetAttributes = {
					9BEE4B0A27FF1FB20036280A = {
						CreatedOnToolsVersion = 13.3;
					};
				};
			};
			buildConfigurationList = 9BEE4B0627FF1FB20036280A /* Build configuration list for PBXProject "Assignment" */;
			compatibilityVersion = "Xcode 13.0";
			developmentRegion = en;
			hasScannedForEncodings = 0;
			knownRegions = (
				en,
				Base,
			);
			mainGroup = 9BEE4B0227FF1FB20036280A;
			productRefGroup = 9BEE4B0C27FF1FB20036280A /* Products */;
			projectDirPath = "";
			projectRoot = "";
			targets = (
				9BEE4B0A27FF1FB20036280A /* Assignment Week1 */,
			);
		};
/* End PBXProject section */

/* Begin PBXResourcesBuildPhase section */
		9BEE4B0927FF1FB20036280A /* Resources */ = {
			isa = PBXResourcesBuildPhase;
			buildActionMask = 2147483647;
			files = (
				9B6153682811FAE7007794E6 /* TabBar.storyboard in Resources */,
				9BEE4B1B27FF1FB70036280A /* LaunchScreen.storyboard in Resources */,
				9BEE4B1827FF1FB70036280A /* Assets.xcassets in Resources */,
				9B6153662811FAD2007794E6 /* Profile.storyboard in Resources */,
				9B36867C2811E12900D0AD10 /* Login.storyboard in Resources */,
				9B6153562811FA22007794E6 /* Home.storyboard in Resources */,
				9B61535E2811FA87007794E6 /* Reels.storyboard in Resources */,
				9B6153582811FA31007794E6 /* Search.storyboard in Resources */,
				9B5F643228216693001513B2 /* temp.storyboard in Resources */,
				9BA9995A2824D10800989806 /* FeedTableViewCell.xib in Resources */,
				9B6153602811FA91007794E6 /* Shopping.storyboard in Resources */,
				9BA99950282499AD00989806 /* StoryCollectionViewCell.xib in Resources */,
			);
			runOnlyForDeploymentPostprocessing = 0;
		};
/* End PBXResourcesBuildPhase section */

/* Begin PBXShellScriptBuildPhase section */
		3C032E38F134DFD29F3202C0 /* [CP] Embed Pods Frameworks */ = {
			isa = PBXShellScriptBuildPhase;
			buildActionMask = 2147483647;
			files = (
			);
			inputFileListPaths = (
				"${PODS_ROOT}/Target Support Files/Pods-Assignment Week1/Pods-Assignment Week1-frameworks-${CONFIGURATION}-input-files.xcfilelist",
			);
			name = "[CP] Embed Pods Frameworks";
			outputFileListPaths = (
				"${PODS_ROOT}/Target Support Files/Pods-Assignment Week1/Pods-Assignment Week1-frameworks-${CONFIGURATION}-output-files.xcfilelist",
			);
			runOnlyForDeploymentPostprocessing = 0;
			shellPath = /bin/sh;
			shellScript = "\"${PODS_ROOT}/Target Support Files/Pods-Assignment Week1/Pods-Assignment Week1-frameworks.sh\"\n";
			showEnvVarsInLog = 0;
		};
		717F5CDFCB0417CC50E58259 /* [CP] Check Pods Manifest.lock */ = {
			isa = PBXShellScriptBuildPhase;
			buildActionMask = 2147483647;
			files = (
			);
			inputFileListPaths = (
			);
			inputPaths = (
				"${PODS_PODFILE_DIR_PATH}/Podfile.lock",
				"${PODS_ROOT}/Manifest.lock",
			);
			name = "[CP] Check Pods Manifest.lock";
			outputFileListPaths = (
			);
			outputPaths = (
				"$(DERIVED_FILE_DIR)/Pods-Assignment Week1-checkManifestLockResult.txt",
			);
			runOnlyForDeploymentPostprocessing = 0;
			shellPath = /bin/sh;
			shellScript = "diff \"${PODS_PODFILE_DIR_PATH}/Podfile.lock\" \"${PODS_ROOT}/Manifest.lock\" > /dev/null\nif [ $? != 0 ] ; then\n    # print error to STDERR\n    echo \"error: The sandbox is not in sync with the Podfile.lock. Run 'pod install' or update your CocoaPods installation.\" >&2\n    exit 1\nfi\n# This output is used by Xcode 'outputs' to avoid re-running this script phase.\necho \"SUCCESS\" > \"${SCRIPT_OUTPUT_FILE_0}\"\n";
			showEnvVarsInLog = 0;
		};
/* End PBXShellScriptBuildPhase section */

/* Begin PBXSourcesBuildPhase section */
		9BEE4B0727FF1FB20036280A /* Sources */ = {
			isa = PBXSourcesBuildPhase;
			buildActionMask = 2147483647;
			files = (
				9B5F6434282166A9001513B2 /* tempViewController.swift in Sources */,
				9BEE4B0F27FF1FB20036280A /* AppDelegate.swift in Sources */,
				9BE3BCD5283013220085ABF0 /* APIConstants.swift in Sources */,
				9BE3BCD7283013F20085ABF0 /* NetworkResult.swift in Sources */,
				9B6153502811F889007794E6 /* PasswordViewController.swift in Sources */,
				9BE3BCDB283015150085ABF0 /* LoginModel.swift in Sources */,
				9B61535A2811FA60007794E6 /* SearchViewController.swift in Sources */,
				9BA999592824D10800989806 /* FeedTableViewCell.swift in Sources */,
				9B61534F2811F889007794E6 /* UserNameViewController.swift in Sources */,
				9B0B3F47283A17570012A279 /* Extensions.swift in Sources */,
				9BA9995228249B8300989806 /* StoryData.swift in Sources */,
				9B80FC272824EB3D0076C975 /* FeedData.swift in Sources */,
				9B6153622811FAA0007794E6 /* ShoppingViewController.swift in Sources */,
				9B6153522811F889007794E6 /* WelcomeViewController.swift in Sources */,
				9BE3BCD92830145D0085ABF0 /* SignUpModel.swift in Sources */,
				9BE3BCDF283016090085ABF0 /* UserService.swift in Sources */,
				9B6153642811FAC9007794E6 /* ProfileViewController.swift in Sources */,
				9B6153512811F889007794E6 /* LoginViewController.swift in Sources */,
				9B6153542811FA10007794E6 /* HomeViewController.swift in Sources */,
				9B61535C2811FA73007794E6 /* ReelsViewController.swift in Sources */,
				9BA9994F282499AD00989806 /* StoryCollectionViewCell.swift in Sources */,
				9BEE4B1127FF1FB20036280A /* SceneDelegate.swift in Sources */,
			);
			runOnlyForDeploymentPostprocessing = 0;
		};
/* End PBXSourcesBuildPhase section */

/* Begin PBXVariantGroup section */
		9BEE4B1927FF1FB70036280A /* LaunchScreen.storyboard */ = {
			isa = PBXVariantGroup;
			children = (
				9BEE4B1A27FF1FB70036280A /* Base */,
			);
			name = LaunchScreen.storyboard;
			sourceTree = "<group>";
		};
/* End PBXVariantGroup section */

/* Begin XCBuildConfiguration section */
		9BEE4B1D27FF1FB70036280A /* Debug */ = {
			isa = XCBuildConfiguration;
			buildSettings = {
				ALWAYS_SEARCH_USER_PATHS = NO;
				CLANG_ANALYZER_NONNULL = YES;
				CLANG_ANALYZER_NUMBER_OBJECT_CONVERSION = YES_AGGRESSIVE;
				CLANG_CXX_LANGUAGE_STANDARD = "gnu++17";
				CLANG_ENABLE_MODULES = YES;
				CLANG_ENABLE_OBJC_ARC = YES;
				CLANG_ENABLE_OBJC_WEAK = YES;
				CLANG_WARN_BLOCK_CAPTURE_AUTORELEASING = YES;
				CLANG_WARN_BOOL_CONVERSION = YES;
				CLANG_WARN_COMMA = YES;
				CLANG_WARN_CONSTANT_CONVERSION = YES;
				CLANG_WARN_DEPRECATED_OBJC_IMPLEMENTATIONS = YES;
				CLANG_WARN_DIRECT_OBJC_ISA_USAGE = YES_ERROR;
				CLANG_WARN_DOCUMENTATION_COMMENTS = YES;
				CLANG_WARN_EMPTY_BODY = YES;
				CLANG_WARN_ENUM_CONVERSION = YES;
				CLANG_WARN_INFINITE_RECURSION = YES;
				CLANG_WARN_INT_CONVERSION = YES;
				CLANG_WARN_NON_LITERAL_NULL_CONVERSION = YES;
				CLANG_WARN_OBJC_IMPLICIT_RETAIN_SELF = YES;
				CLANG_WARN_OBJC_LITERAL_CONVERSION = YES;
				CLANG_WARN_OBJC_ROOT_CLASS = YES_ERROR;
				CLANG_WARN_QUOTED_INCLUDE_IN_FRAMEWORK_HEADER = YES;
				CLANG_WARN_RANGE_LOOP_ANALYSIS = YES;
				CLANG_WARN_STRICT_PROTOTYPES = YES;
				CLANG_WARN_SUSPICIOUS_MOVE = YES;
				CLANG_WARN_UNGUARDED_AVAILABILITY = YES_AGGRESSIVE;
				CLANG_WARN_UNREACHABLE_CODE = YES;
				CLANG_WARN__DUPLICATE_METHOD_MATCH = YES;
				COPY_PHASE_STRIP = NO;
				DEBUG_INFORMATION_FORMAT = dwarf;
				ENABLE_STRICT_OBJC_MSGSEND = YES;
				ENABLE_TESTABILITY = YES;
				GCC_C_LANGUAGE_STANDARD = gnu11;
				GCC_DYNAMIC_NO_PIC = NO;
				GCC_NO_COMMON_BLOCKS = YES;
				GCC_OPTIMIZATION_LEVEL = 0;
				GCC_PREPROCESSOR_DEFINITIONS = (
					"DEBUG=1",
					"$(inherited)",
				);
				GCC_WARN_64_TO_32_BIT_CONVERSION = YES;
				GCC_WARN_ABOUT_RETURN_TYPE = YES_ERROR;
				GCC_WARN_UNDECLARED_SELECTOR = YES;
				GCC_WARN_UNINITIALIZED_AUTOS = YES_AGGRESSIVE;
				GCC_WARN_UNUSED_FUNCTION = YES;
				GCC_WARN_UNUSED_VARIABLE = YES;
				IPHONEOS_DEPLOYMENT_TARGET = 15.4;
				MTL_ENABLE_DEBUG_INFO = INCLUDE_SOURCE;
				MTL_FAST_MATH = YES;
				ONLY_ACTIVE_ARCH = YES;
				SDKROOT = iphoneos;
				SWIFT_ACTIVE_COMPILATION_CONDITIONS = DEBUG;
				SWIFT_OPTIMIZATION_LEVEL = "-Onone";
			};
			name = Debug;
		};
		9BEE4B1E27FF1FB70036280A /* Release */ = {
			isa = XCBuildConfiguration;
			buildSettings = {
				ALWAYS_SEARCH_USER_PATHS = NO;
				CLANG_ANALYZER_NONNULL = YES;
				CLANG_ANALYZER_NUMBER_OBJECT_CONVERSION = YES_AGGRESSIVE;
				CLANG_CXX_LANGUAGE_STANDARD = "gnu++17";
				CLANG_ENABLE_MODULES = YES;
				CLANG_ENABLE_OBJC_ARC = YES;
				CLANG_ENABLE_OBJC_WEAK = YES;
				CLANG_WARN_BLOCK_CAPTURE_AUTORELEASING = YES;
				CLANG_WARN_BOOL_CONVERSION = YES;
				CLANG_WARN_COMMA = YES;
				CLANG_WARN_CONSTANT_CONVERSION = YES;
				CLANG_WARN_DEPRECATED_OBJC_IMPLEMENTATIONS = YES;
				CLANG_WARN_DIRECT_OBJC_ISA_USAGE = YES_ERROR;
				CLANG_WARN_DOCUMENTATION_COMMENTS = YES;
				CLANG_WARN_EMPTY_BODY = YES;
				CLANG_WARN_ENUM_CONVERSION = YES;
				CLANG_WARN_INFINITE_RECURSION = YES;
				CLANG_WARN_INT_CONVERSION = YES;
				CLANG_WARN_NON_LITERAL_NULL_CONVERSION = YES;
				CLANG_WARN_OBJC_IMPLICIT_RETAIN_SELF = YES;
				CLANG_WARN_OBJC_LITERAL_CONVERSION = YES;
				CLANG_WARN_OBJC_ROOT_CLASS = YES_ERROR;
				CLANG_WARN_QUOTED_INCLUDE_IN_FRAMEWORK_HEADER = YES;
				CLANG_WARN_RANGE_LOOP_ANALYSIS = YES;
				CLANG_WARN_STRICT_PROTOTYPES = YES;
				CLANG_WARN_SUSPICIOUS_MOVE = YES;
				CLANG_WARN_UNGUARDED_AVAILABILITY = YES_AGGRESSIVE;
				CLANG_WARN_UNREACHABLE_CODE = YES;
				CLANG_WARN__DUPLICATE_METHOD_MATCH = YES;
				COPY_PHASE_STRIP = NO;
				DEBUG_INFORMATION_FORMAT = "dwarf-with-dsym";
				ENABLE_NS_ASSERTIONS = NO;
				ENABLE_STRICT_OBJC_MSGSEND = YES;
				GCC_C_LANGUAGE_STANDARD = gnu11;
				GCC_NO_COMMON_BLOCKS = YES;
				GCC_WARN_64_TO_32_BIT_CONVERSION = YES;
				GCC_WARN_ABOUT_RETURN_TYPE = YES_ERROR;
				GCC_WARN_UNDECLARED_SELECTOR = YES;
				GCC_WARN_UNINITIALIZED_AUTOS = YES_AGGRESSIVE;
				GCC_WARN_UNUSED_FUNCTION = YES;
				GCC_WARN_UNUSED_VARIABLE = YES;
				IPHONEOS_DEPLOYMENT_TARGET = 15.4;
				MTL_ENABLE_DEBUG_INFO = NO;
				MTL_FAST_MATH = YES;
				SDKROOT = iphoneos;
				SWIFT_COMPILATION_MODE = wholemodule;
				SWIFT_OPTIMIZATION_LEVEL = "-O";
				VALIDATE_PRODUCT = YES;
			};
			name = Release;
		};
		9BEE4B2027FF1FB70036280A /* Debug */ = {
			isa = XCBuildConfiguration;
			baseConfigurationReference = CE88BE7B8C406823D4F72EBC /* Pods-Assignment Week1.debug.xcconfig */;
			buildSettings = {
				ASSETCATALOG_COMPILER_APPICON_NAME = AppIcon;
				ASSETCATALOG_COMPILER_GLOBAL_ACCENT_COLOR_NAME = AccentColor;
				CODE_SIGN_STYLE = Automatic;
				CURRENT_PROJECT_VERSION = 1;
				DEVELOPMENT_TEAM = H7X76GFF7D;
				GENERATE_INFOPLIST_FILE = YES;
				INFOPLIST_FILE = Assignment/Global/Info.plist;
				INFOPLIST_KEY_UIApplicationSupportsIndirectInputEvents = YES;
				INFOPLIST_KEY_UILaunchStoryboardName = LaunchScreen;
				INFOPLIST_KEY_UISupportedInterfaceOrientations_iPad = "UIInterfaceOrientationPortrait UIInterfaceOrientationPortraitUpsideDown UIInterfaceOrientationLandscapeLeft UIInterfaceOrientationLandscapeRight";
				INFOPLIST_KEY_UISupportedInterfaceOrientations_iPhone = "UIInterfaceOrientationPortrait UIInterfaceOrientationLandscapeLeft UIInterfaceOrientationLandscapeRight";
				LD_RUNPATH_SEARCH_PATHS = (
					"$(inherited)",
					"@executable_path/Frameworks",
				);
				MARKETING_VERSION = 1.0;
				PRODUCT_BUNDLE_IDENTIFIER = "pabby.Assignment-Week1";
				PRODUCT_NAME = "$(TARGET_NAME)";
				SWIFT_EMIT_LOC_STRINGS = YES;
				SWIFT_VERSION = 5.0;
				TARGETED_DEVICE_FAMILY = "1,2";
			};
			name = Debug;
		};
		9BEE4B2127FF1FB70036280A /* Release */ = {
			isa = XCBuildConfiguration;
			baseConfigurationReference = D968AF9FFDDC21D785545041 /* Pods-Assignment Week1.release.xcconfig */;
			buildSettings = {
				ASSETCATALOG_COMPILER_APPICON_NAME = AppIcon;
				ASSETCATALOG_COMPILER_GLOBAL_ACCENT_COLOR_NAME = AccentColor;
				CODE_SIGN_STYLE = Automatic;
				CURRENT_PROJECT_VERSION = 1;
				DEVELOPMENT_TEAM = H7X76GFF7D;
				GENERATE_INFOPLIST_FILE = YES;
				INFOPLIST_FILE = Assignment/Global/Info.plist;
				INFOPLIST_KEY_UIApplicationSupportsIndirectInputEvents = YES;
				INFOPLIST_KEY_UILaunchStoryboardName = LaunchScreen;
				INFOPLIST_KEY_UISupportedInterfaceOrientations_iPad = "UIInterfaceOrientationPortrait UIInterfaceOrientationPortraitUpsideDown UIInterfaceOrientationLandscapeLeft UIInterfaceOrientationLandscapeRight";
				INFOPLIST_KEY_UISupportedInterfaceOrientations_iPhone = "UIInterfaceOrientationPortrait UIInterfaceOrientationLandscapeLeft UIInterfaceOrientationLandscapeRight";
				LD_RUNPATH_SEARCH_PATHS = (
					"$(inherited)",
					"@executable_path/Frameworks",
				);
				MARKETING_VERSION = 1.0;
				PRODUCT_BUNDLE_IDENTIFIER = "pabby.Assignment-Week1";
				PRODUCT_NAME = "$(TARGET_NAME)";
				SWIFT_EMIT_LOC_STRINGS = YES;
				SWIFT_VERSION = 5.0;
				TARGETED_DEVICE_FAMILY = "1,2";
			};
			name = Release;
		};
/* End XCBuildConfiguration section */

/* Begin XCConfigurationList section */
		9BEE4B0627FF1FB20036280A /* Build configuration list for PBXProject "Assignment" */ = {
			isa = XCConfigurationList;
			buildConfigurations = (
				9BEE4B1D27FF1FB70036280A /* Debug */,
				9BEE4B1E27FF1FB70036280A /* Release */,
			);
			defaultConfigurationIsVisible = 0;
			defaultConfigurationName = Release;
		};
		9BEE4B1F27FF1FB70036280A /* Build configuration list for PBXNativeTarget "Assignment Week1" */ = {
			isa = XCConfigurationList;
			buildConfigurations = (
				9BEE4B2027FF1FB70036280A /* Debug */,
				9BEE4B2127FF1FB70036280A /* Release */,
			);
			defaultConfigurationIsVisible = 0;
			defaultConfigurationName = Release;
		};
/* End XCConfigurationList section */
	};
	rootObject = 9BEE4B0327FF1FB20036280A /* Project object */;
}
